// !$*UTF8*$!
{
	archiveVersion = 1;
	classes = {
	};
	objectVersion = 50;
	objects = {

/* Begin PBXBuildFile section */
		042A5AE2222943870037AFAD /* AppDelegate.swift in Sources */ = {isa = PBXBuildFile; fileRef = 042A5AE1222943870037AFAD /* AppDelegate.swift */; };
		042A5AE4222943870037AFAD /* ViewController1.swift in Sources */ = {isa = PBXBuildFile; fileRef = 042A5AE3222943870037AFAD /* ViewController1.swift */; };
		042A5AE7222943870037AFAD /* Main.storyboard in Resources */ = {isa = PBXBuildFile; fileRef = 042A5AE5222943870037AFAD /* Main.storyboard */; };
		042A5AE9222943890037AFAD /* Assets.xcassets in Resources */ = {isa = PBXBuildFile; fileRef = 042A5AE8222943890037AFAD /* Assets.xcassets */; };
		042A5AEC222943890037AFAD /* LaunchScreen.storyboard in Resources */ = {isa = PBXBuildFile; fileRef = 042A5AEA222943890037AFAD /* LaunchScreen.storyboard */; };
		042A5AF622294D440037AFAD /* ViewController2.swift in Sources */ = {isa = PBXBuildFile; fileRef = 042A5AF522294D440037AFAD /* ViewController2.swift */; };
		042A5AF822294D570037AFAD /* ViewController3.swift in Sources */ = {isa = PBXBuildFile; fileRef = 042A5AF722294D570037AFAD /* ViewController3.swift */; };
		042A5AFA22294D680037AFAD /* ViewController4.swift in Sources */ = {isa = PBXBuildFile; fileRef = 042A5AF922294D680037AFAD /* ViewController4.swift */; };
		043CF316222CF7E6008AABB3 /* ViewController5.swift in Sources */ = {isa = PBXBuildFile; fileRef = 043CF315222CF7E6008AABB3 /* ViewController5.swift */; };
/* End PBXBuildFile section */

/* Begin PBXFileReference section */
		042A5ADE222943870037AFAD /* waseem.app */ = {isa = PBXFileReference; explicitFileType = wrapper.application; includeInIndex = 0; path = waseem.app; sourceTree = BUILT_PRODUCTS_DIR; };
		042A5AE1222943870037AFAD /* AppDelegate.swift */ = {isa = PBXFileReference; lastKnownFileType = sourcecode.swift; path = AppDelegate.swift; sourceTree = "<group>"; };
		042A5AE3222943870037AFAD /* ViewController1.swift */ = {isa = PBXFileReference; lastKnownFileType = sourcecode.swift; path = ViewController1.swift; sourceTree = "<group>"; };
		042A5AE6222943870037AFAD /* Base */ = {isa = PBXFileReference; lastKnownFileType = file.storyboard; name = Base; path = Base.lproj/Main.storyboard; sourceTree = "<group>"; };
		042A5AE8222943890037AFAD /* Assets.xcassets */ = {isa = PBXFileReference; lastKnownFileType = folder.assetcatalog; path = Assets.xcassets; sourceTree = "<group>"; };
		042A5AEB222943890037AFAD /* Base */ = {isa = PBXFileReference; lastKnownFileType = file.storyboard; name = Base; path = Base.lproj/LaunchScreen.storyboard; sourceTree = "<group>"; };
		042A5AED222943890037AFAD /* Info.plist */ = {isa = PBXFileReference; lastKnownFileType = text.plist.xml; path = Info.plist; sourceTree = "<group>"; };
		042A5AF522294D440037AFAD /* ViewController2.swift */ = {isa = PBXFileReference; lastKnownFileType = sourcecode.swift; path = ViewController2.swift; sourceTree = "<group>"; };
		042A5AF722294D570037AFAD /* ViewController3.swift */ = {isa = PBXFileReference; lastKnownFileType = sourcecode.swift; path = ViewController3.swift; sourceTree = "<group>"; };
		042A5AF922294D680037AFAD /* ViewController4.swift */ = {isa = PBXFileReference; lastKnownFileType = sourcecode.swift; path = ViewController4.swift; sourceTree = "<group>"; };
		043CF315222CF7E6008AABB3 /* ViewController5.swift */ = {isa = PBXFileReference; lastKnownFileType = sourcecode.swift; path = ViewController5.swift; sourceTree = "<group>"; };
/* End PBXFileReference section */

/* Begin PBXFrameworksBuildPhase section */
		042A5ADB222943870037AFAD /* Frameworks */ = {
			isa = PBXFrameworksBuildPhase;
			buildActionMask = 2147483647;
			files = (
			);
			runOnlyForDeploymentPostprocessing = 0;
		};
/* End PBXFrameworksBuildPhase section */

/* Begin PBXGroup section */
		042A5AD5222943870037AFAD = {
			isa = PBXGroup;
			children = (
				042A5AE0222943870037AFAD /* waseem */,
				042A5ADF222943870037AFAD /* Products */,
			);
			sourceTree = "<group>";
		};
		042A5ADF222943870037AFAD /* Products */ = {
			isa = PBXGroup;
			children = (
				042A5ADE222943870037AFAD /* waseem.app */,
			);
			name = Products;
			sourceTree = "<group>";
		};
		042A5AE0222943870037AFAD /* waseem */ = {
			isa = PBXGroup;
			children = (
				042A5AE1222943870037AFAD /* AppDelegate.swift */,
				042A5AE3222943870037AFAD /* ViewController1.swift */,
				042A5AF522294D440037AFAD /* ViewController2.swift */,
				042A5AF722294D570037AFAD /* ViewController3.swift */,
				042A5AF922294D680037AFAD /* ViewController4.swift */,
				043CF315222CF7E6008AABB3 /* ViewController5.swift */,
				042A5AE5222943870037AFAD /* Main.storyboard */,
				042A5AE8222943890037AFAD /* Assets.xcassets */,
				042A5AEA222943890037AFAD /* LaunchScreen.storyboard */,
				042A5AED222943890037AFAD /* Info.plist */,
			);
			path = waseem;
			sourceTree = "<group>";
		};
/* End PBXGroup section */

/* Begin PBXNativeTarget section */
		042A5ADD222943870037AFAD /* waseem */ = {
			isa = PBXNativeTarget;
			buildConfigurationList = 042A5AF0222943890037AFAD /* Build configuration list for PBXNativeTarget "waseem" */;
			buildPhases = (
				042A5ADA222943870037AFAD /* Sources */,
				042A5ADB222943870037AFAD /* Frameworks */,
				042A5ADC222943870037AFAD /* Resources */,
			);
			buildRules = (
			);
			dependencies = (
			);
			name = waseem;
			productName = waseem;
			productReference = 042A5ADE222943870037AFAD /* waseem.app */;
			productType = "com.apple.product-type.application";
		};
/* End PBXNativeTarget section */

/* Begin PBXProject section */
		042A5AD6222943870037AFAD /* Project object */ = {
			isa = PBXProject;
			attributes = {
				LastSwiftUpdateCheck = 1010;
				LastUpgradeCheck = 1010;
				ORGANIZATIONNAME = TTN;
				TargetAttributes = {
					042A5ADD222943870037AFAD = {
						CreatedOnToolsVersion = 10.1;
					};
				};
			};
			buildConfigurationList = 042A5AD9222943870037AFAD /* Build configuration list for PBXProject "waseem" */;
			compatibilityVersion = "Xcode 9.3";
			developmentRegion = en;
			hasScannedForEncodings = 0;
			knownRegions = (
				en,
				Base,
			);
			mainGroup = 042A5AD5222943870037AFAD;
			productRefGroup = 042A5ADF222943870037AFAD /* Products */;
			projectDirPath = "";
			projectRoot = "";
			targets = (
				042A5ADD222943870037AFAD /* waseem */,
			);
		};
/* End PBXProject section */

/* Begin PBXResourcesBuildPhase section */
		042A5ADC222943870037AFAD /* Resources */ = {
			isa = PBXResourcesBuildPhase;
			buildActionMask = 2147483647;
			files = (
				042A5AEC222943890037AFAD /* LaunchScreen.storyboard in Resources */,
				042A5AE9222943890037AFAD /* Assets.xcassets in Resources */,
				042A5AE7222943870037AFAD /* Main.storyboard in Resources */,
			);
			runOnlyForDeploymentPostprocessing = 0;
		};
/* End PBXResourcesBuildPhase section */

/* Begin PBXSourcesBuildPhase section */
		042A5ADA222943870037AFAD /* Sources */ = {
			isa = PBXSourcesBuildPhase;
			buildActionMask = 2147483647;
			files = (
				042A5AFA22294D680037AFAD /* ViewController4.swift in Sources */,
				043CF316222CF7E6008AABB3 /* ViewController5.swift in Sources */,
				042A5AF622294D440037AFAD /* ViewController2.swift in Sources */,
				042A5AF822294D570037AFAD /* ViewController3.swift in Sources */,
				042A5AE4222943870037AFAD /* ViewController1.swift in Sources */,
				042A5AE2222943870037AFAD /* AppDelegate.swift in Sources */,
			);
			runOnlyForDeploymentPostprocessing = 0;
		};
/* End PBXSourcesBuildPhase section */

/* Begin PBXVariantGroup section */
		042A5AE5222943870037AFAD /* Main.storyboard */ = {
			isa = PBXVariantGroup;
			children = (
				042A5AE6222943870037AFAD /* Base */,
			);
			name = Main.storyboard;
			sourceTree = "<group>";
		};
		042A5AEA222943890037AFAD /* LaunchScreen.storyboard */ = {
			isa = PBXVariantGroup;
			children = (
				042A5AEB222943890037AFAD /* Base */,
			);
			name = LaunchScreen.storyboard;
			sourceTree = "<group>";
		};
/* End PBXVariantGroup section */

/* Begin XCBuildConfiguration section */
		042A5AEE222943890037AFAD /* Debug */ = {
			isa = XCBuildConfiguration;
			buildSettings = {
				ALWAYS_SEARCH_USER_PATHS = NO;
				CLANG_ANALYZER_NONNULL = YES;
				CLANG_ANALYZER_NUMBER_OBJECT_CONVERSION = YES_AGGRESSIVE;
				CLANG_CXX_LANGUAGE_STANDARD = "gnu++14";
				CLANG_CXX_LIBRARY = "libc++";
				CLANG_ENABLE_MODULES = YES;
				CLANG_ENABLE_OBJC_ARC = YES;
				CLANG_ENABLE_OBJC_WEAK = YES;
				CLANG_WARN_BLOCK_CAPTURE_AUTORELEASING = YES;
				CLANG_WARN_BOOL_CONVERSION = YES;
				CLANG_WARN_COMMA = YES;
				CLANG_WARN_CONSTANT_CONVERSION = YES;
				CLANG_WARN_DEPRECATED_OBJC_IMPLEMENTATIONS = YES;
				CLANG_WARN_DIRECT_OBJC_ISA_USAGE = YES_ERROR;
				CLANG_WARN_DOCUMENTATION_COMMENTS = YES;
				CLANG_WARN_EMPTY_BODY = YES;
				CLANG_WARN_ENUM_CONVERSION = YES;
				CLANG_WARN_INFINITE_RECURSION = YES;
				CLANG_WARN_INT_CONVERSION = YES;
				CLANG_WARN_NON_LITERAL_NULL_CONVERSION = YES;
				CLANG_WARN_OBJC_IMPLICIT_RETAIN_SELF = YES;
				CLANG_WARN_OBJC_LITERAL_CONVERSION = YES;
				CLANG_WARN_OBJC_ROOT_CLASS = YES_ERROR;
				CLANG_WARN_RANGE_LOOP_ANALYSIS = YES;
				CLANG_WARN_STRICT_PROTOTYPES = YES;
				CLANG_WARN_SUSPICIOUS_MOVE = YES;
				CLANG_WARN_UNGUARDED_AVAILABILITY = YES_AGGRESSIVE;
				CLANG_WARN_UNREACHABLE_CODE = YES;
				CLANG_WARN__DUPLICATE_METHOD_MATCH = YES;
				CODE_SIGN_IDENTITY = "iPhone Developer";
				COPY_PHASE_STRIP = NO;
				DEBUG_INFORMATION_FORMAT = dwarf;
				ENABLE_STRICT_OBJC_MSGSEND = YES;
				ENABLE_TESTABILITY = YES;
				GCC_C_LANGUAGE_STANDARD = gnu11;
				GCC_DYNAMIC_NO_PIC = NO;
				GCC_NO_COMMON_BLOCKS = YES;
				GCC_OPTIMIZATION_LEVEL = 0;
				GCC_PREPROCESSOR_DEFINITIONS = (
					"DEBUG=1",
					"$(inherited)",
				);
				GCC_WARN_64_TO_32_BIT_CONVERSION = YES;
				GCC_WARN_ABOUT_RETURN_TYPE = YES_ERROR;
				GCC_WARN_UNDECLARED_SELECTOR = YES;
				GCC_WARN_UNINITIALIZED_AUTOS = YES_AGGRESSIVE;
				GCC_WARN_UNUSED_FUNCTION = YES;
				GCC_WARN_UNUSED_VARIABLE = YES;
				IPHONEOS_DEPLOYMENT_TARGET = 12.1;
				MTL_ENABLE_DEBUG_INFO = INCLUDE_SOURCE;
				MTL_FAST_MATH = YES;
				ONLY_ACTIVE_ARCH = YES;
				SDKROOT = iphoneos;
				SWIFT_ACTIVE_COMPILATION_CONDITIONS = DEBUG;
				SWIFT_OPTIMIZATION_LEVEL = "-Onone";
			};
			name = Debug;
		};
		042A5AEF222943890037AFAD /* Release */ = {
			isa = XCBuildConfiguration;
			buildSettings = {
				ALWAYS_SEARCH_USER_PATHS = NO;
				CLANG_ANALYZER_NONNULL = YES;
				CLANG_ANALYZER_NUMBER_OBJECT_CONVERSION = YES_AGGRESSIVE;
				CLANG_CXX_LANGUAGE_STANDARD = "gnu++14";
				CLANG_CXX_LIBRARY = "libc++";
				CLANG_ENABLE_MODULES = YES;
				CLANG_ENABLE_OBJC_ARC = YES;
				CLANG_ENABLE_OBJC_WEAK = YES;
				CLANG_WARN_BLOCK_CAPTURE_AUTORELEASING = YES;
				CLANG_WARN_BOOL_CONVERSION = YES;
				CLANG_WARN_COMMA = YES;
				CLANG_WARN_CONSTANT_CONVERSION = YES;
				CLANG_WARN_DEPRECATED_OBJC_IMPLEMENTATIONS = YES;
				CLANG_WARN_DIRECT_OBJC_ISA_USAGE = YES_ERROR;
				CLANG_WARN_DOCUMENTATION_COMMENTS = YES;
				CLANG_WARN_EMPTY_BODY = YES;
				CLANG_WARN_ENUM_CONVERSION = YES;
				CLANG_WARN_INFINITE_RECURSION = YES;
				CLANG_WARN_INT_CONVERSION = YES;
				CLANG_WARN_NON_LITERAL_NULL_CONVERSION = YES;
				CLANG_WARN_OBJC_IMPLICIT_RETAIN_SELF = YES;
				CLANG_WARN_OBJC_LITERAL_CONVERSION = YES;
				CLANG_WARN_OBJC_ROOT_CLASS = YES_ERROR;
				CLANG_WARN_RANGE_LOOP_ANALYSIS = YES;
				CLANG_WARN_STRICT_PROTOTYPES = YES;
				CLANG_WARN_SUSPICIOUS_MOVE = YES;
				CLANG_WARN_UNGUARDED_AVAILABILITY = YES_AGGRESSIVE;
				CLANG_WARN_UNREACHABLE_CODE = YES;
				CLANG_WARN__DUPLICATE_METHOD_MATCH = YES;
				CODE_SIGN_IDENTITY = "iPhone Developer";
				COPY_PHASE_STRIP = NO;
				DEBUG_INFORMATION_FORMAT = "dwarf-with-dsym";
				ENABLE_NS_ASSERTIONS = NO;
				ENABLE_STRICT_OBJC_MSGSEND = YES;
				GCC_C_LANGUAGE_STANDARD = gnu11;
				GCC_NO_COMMON_BLOCKS = YES;
				GCC_WARN_64_TO_32_BIT_CONVERSION = YES;
				GCC_WARN_ABOUT_RETURN_TYPE = YES_ERROR;
				GCC_WARN_UNDECLARED_SELECTOR = YES;
				GCC_WARN_UNINITIALIZED_AUTOS = YES_AGGRESSIVE;
				GCC_WARN_UNUSED_FUNCTION = YES;
				GCC_WARN_UNUSED_VARIABLE = YES;
				IPHONEOS_DEPLOYMENT_TARGET = 12.1;
				MTL_ENABLE_DEBUG_INFO = NO;
				MTL_FAST_MATH = YES;
				SDKROOT = iphoneos;
				SWIFT_COMPILATION_MODE = wholemodule;
				SWIFT_OPTIMIZATION_LEVEL = "-O";
				VALIDATE_PRODUCT = YES;
			};
			name = Release;
		};
		042A5AF1222943890037AFAD /* Debug */ = {
			isa = XCBuildConfiguration;
			buildSettings = {
				ASSETCATALOG_COMPILER_APPICON_NAME = AppIcon;
				ASSETCATALOG_COMPILER_LAUNCHIMAGE_NAME = LaunchImage;
				CODE_SIGN_STYLE = Automatic;
				INFOPLIST_FILE = waseem/Info.plist;
				LD_RUNPATH_SEARCH_PATHS = (
					"$(inherited)",
					"@executable_path/Frameworks",
				);
				PRODUCT_BUNDLE_IDENTIFIER = com.learn.login.waseem;
				PRODUCT_NAME = "$(TARGET_NAME)";
				SWIFT_VERSION = 4.2;
				TARGETED_DEVICE_FAMILY = "1,2";
			};
			name = Debug;
		};
		042A5AF2222943890037AFAD /* Release */ = {
			isa = XCBuildConfiguration;
			buildSettings = {
				ASSETCATALOG_COMPILER_APPICON_NAME = AppIcon;
				ASSETCATALOG_COMPILER_LAUNCHIMAGE_NAME = LaunchImage;
				CODE_SIGN_STYLE = Automatic;
				INFOPLIST_FILE = waseem/Info.plist;
				LD_RUNPATH_SEARCH_PATHS = (
					"$(inherited)",
					"@executable_path/Frameworks",
				);
				PRODUCT_BUNDLE_IDENTIFIER = com.learn.login.waseem;
				PRODUCT_NAME = "$(TARGET_NAME)";
				SWIFT_VERSION = 4.2;
				TARGETED_DEVICE_FAMILY = "1,2";
			};
			name = Release;
		};
/* End XCBuildConfiguration section */

/* Begin XCConfigurationList section */
		042A5AD9222943870037AFAD /* Build configuration list for PBXProject "waseem" */ = {
			isa = XCConfigurationList;
			buildConfigurations = (
				042A5AEE222943890037AFAD /* Debug */,
				042A5AEF222943890037AFAD /* Release */,
			);
			defaultConfigurationIsVisible = 0;
			defaultConfigurationName = Release;
		};
		042A5AF0222943890037AFAD /* Build configuration list for PBXNativeTarget "waseem" */ = {
			isa = XCConfigurationList;
			buildConfigurations = (
				042A5AF1222943890037AFAD /* Debug */,
				042A5AF2222943890037AFAD /* Release */,
			);
			defaultConfigurationIsVisible = 0;
			defaultConfigurationName = Release;
		};
/* End XCConfigurationList section */
	};
	rootObject = 042A5AD6222943870037AFAD /* Project object */;
}
