// !$*UTF8*$!
{
	archiveVersion = 1;
	classes = {
	};
	objectVersion = 50;
	objects = {

/* Begin PBXBuildFile section */
		047127702240BBE3006F5589 /* AppDelegate.swift in Sources */ = {isa = PBXBuildFile; fileRef = 0471276F2240BBE3006F5589 /* AppDelegate.swift */; };
		047127722240BBE3006F5589 /* StopWatchViewController.swift in Sources */ = {isa = PBXBuildFile; fileRef = 047127712240BBE3006F5589 /* StopWatchViewController.swift */; };
		047127752240BBE3006F5589 /* Main.storyboard in Resources */ = {isa = PBXBuildFile; fileRef = 047127732240BBE3006F5589 /* Main.storyboard */; };
		047127782240BBE3006F5589 /* AssignmenMultithreading.xcdatamodeld in Sources */ = {isa = PBXBuildFile; fileRef = 047127762240BBE3006F5589 /* AssignmenMultithreading.xcdatamodeld */; };
		0471277A2240BBE5006F5589 /* Assets.xcassets in Resources */ = {isa = PBXBuildFile; fileRef = 047127792240BBE5006F5589 /* Assets.xcassets */; };
		0471277D2240BBE5006F5589 /* LaunchScreen.storyboard in Resources */ = {isa = PBXBuildFile; fileRef = 0471277B2240BBE5006F5589 /* LaunchScreen.storyboard */; };
/* End PBXBuildFile section */

/* Begin PBXFileReference section */
		0471276C2240BBE3006F5589 /* AssignmenMultithreading.app */ = {isa = PBXFileReference; explicitFileType = wrapper.application; includeInIndex = 0; path = AssignmenMultithreading.app; sourceTree = BUILT_PRODUCTS_DIR; };
		0471276F2240BBE3006F5589 /* AppDelegate.swift */ = {isa = PBXFileReference; lastKnownFileType = sourcecode.swift; path = AppDelegate.swift; sourceTree = "<group>"; };
		047127712240BBE3006F5589 /* StopWatchViewController.swift */ = {isa = PBXFileReference; lastKnownFileType = sourcecode.swift; path = StopWatchViewController.swift; sourceTree = "<group>"; };
		047127742240BBE3006F5589 /* Base */ = {isa = PBXFileReference; lastKnownFileType = file.storyboard; name = Base; path = Base.lproj/Main.storyboard; sourceTree = "<group>"; };
		047127772240BBE3006F5589 /* AssignmenMultithreading.xcdatamodel */ = {isa = PBXFileReference; lastKnownFileType = wrapper.xcdatamodel; path = AssignmenMultithreading.xcdatamodel; sourceTree = "<group>"; };
		047127792240BBE5006F5589 /* Assets.xcassets */ = {isa = PBXFileReference; lastKnownFileType = folder.assetcatalog; path = Assets.xcassets; sourceTree = "<group>"; };
		0471277C2240BBE5006F5589 /* Base */ = {isa = PBXFileReference; lastKnownFileType = file.storyboard; name = Base; path = Base.lproj/LaunchScreen.storyboard; sourceTree = "<group>"; };
		0471277E2240BBE5006F5589 /* Info.plist */ = {isa = PBXFileReference; lastKnownFileType = text.plist.xml; path = Info.plist; sourceTree = "<group>"; };
/* End PBXFileReference section */

/* Begin PBXFrameworksBuildPhase section */
		047127692240BBE3006F5589 /* Frameworks */ = {
			isa = PBXFrameworksBuildPhase;
			buildActionMask = 2147483647;
			files = (
			);
			runOnlyForDeploymentPostprocessing = 0;
		};
/* End PBXFrameworksBuildPhase section */

/* Begin PBXGroup section */
		047127632240BBE3006F5589 = {
			isa = PBXGroup;
			children = (
				0471276E2240BBE3006F5589 /* AssignmenMultithreading */,
				0471276D2240BBE3006F5589 /* Products */,
			);
			sourceTree = "<group>";
		};
		0471276D2240BBE3006F5589 /* Products */ = {
			isa = PBXGroup;
			children = (
				0471276C2240BBE3006F5589 /* AssignmenMultithreading.app */,
			);
			name = Products;
			sourceTree = "<group>";
		};
		0471276E2240BBE3006F5589 /* AssignmenMultithreading */ = {
			isa = PBXGroup;
			children = (
				0471276F2240BBE3006F5589 /* AppDelegate.swift */,
				047127712240BBE3006F5589 /* StopWatchViewController.swift */,
				047127732240BBE3006F5589 /* Main.storyboard */,
				047127792240BBE5006F5589 /* Assets.xcassets */,
				0471277B2240BBE5006F5589 /* LaunchScreen.storyboard */,
				0471277E2240BBE5006F5589 /* Info.plist */,
				047127762240BBE3006F5589 /* AssignmenMultithreading.xcdatamodeld */,
			);
			path = AssignmenMultithreading;
			sourceTree = "<group>";
		};
/* End PBXGroup section */

/* Begin PBXNativeTarget section */
		0471276B2240BBE3006F5589 /* AssignmenMultithreading */ = {
			isa = PBXNativeTarget;
			buildConfigurationList = 047127812240BBE5006F5589 /* Build configuration list for PBXNativeTarget "AssignmenMultithreading" */;
			buildPhases = (
				047127682240BBE3006F5589 /* Sources */,
				047127692240BBE3006F5589 /* Frameworks */,
				0471276A2240BBE3006F5589 /* Resources */,
			);
			buildRules = (
			);
			dependencies = (
			);
			name = AssignmenMultithreading;
			productName = AssignmenMultithreading;
			productReference = 0471276C2240BBE3006F5589 /* AssignmenMultithreading.app */;
			productType = "com.apple.product-type.application";
		};
/* End PBXNativeTarget section */

/* Begin PBXProject section */
		047127642240BBE3006F5589 /* Project object */ = {
			isa = PBXProject;
			attributes = {
				LastSwiftUpdateCheck = 1010;
				LastUpgradeCheck = 1010;
				ORGANIZATIONNAME = TTN;
				TargetAttributes = {
					0471276B2240BBE3006F5589 = {
						CreatedOnToolsVersion = 10.1;
					};
				};
			};
			buildConfigurationList = 047127672240BBE3006F5589 /* Build configuration list for PBXProject "AssignmenMultithreading" */;
			compatibilityVersion = "Xcode 9.3";
			developmentRegion = en;
			hasScannedForEncodings = 0;
			knownRegions = (
				en,
				Base,
			);
			mainGroup = 047127632240BBE3006F5589;
			productRefGroup = 0471276D2240BBE3006F5589 /* Products */;
			projectDirPath = "";
			projectRoot = "";
			targets = (
				0471276B2240BBE3006F5589 /* AssignmenMultithreading */,
			);
		};
/* End PBXProject section */

/* Begin PBXResourcesBuildPhase section */
		0471276A2240BBE3006F5589 /* Resources */ = {
			isa = PBXResourcesBuildPhase;
			buildActionMask = 2147483647;
			files = (
				0471277D2240BBE5006F5589 /* LaunchScreen.storyboard in Resources */,
				0471277A2240BBE5006F5589 /* Assets.xcassets in Resources */,
				047127752240BBE3006F5589 /* Main.storyboard in Resources */,
			);
			runOnlyForDeploymentPostprocessing = 0;
		};
/* End PBXResourcesBuildPhase section */

/* Begin PBXSourcesBuildPhase section */
		047127682240BBE3006F5589 /* Sources */ = {
			isa = PBXSourcesBuildPhase;
			buildActionMask = 2147483647;
			files = (
				047127782240BBE3006F5589 /* AssignmenMultithreading.xcdatamodeld in Sources */,
				047127722240BBE3006F5589 /* StopWatchViewController.swift in Sources */,
				047127702240BBE3006F5589 /* AppDelegate.swift in Sources */,
			);
			runOnlyForDeploymentPostprocessing = 0;
		};
/* End PBXSourcesBuildPhase section */

/* Begin PBXVariantGroup section */
		047127732240BBE3006F5589 /* Main.storyboard */ = {
			isa = PBXVariantGroup;
			children = (
				047127742240BBE3006F5589 /* Base */,
			);
			name = Main.storyboard;
			sourceTree = "<group>";
		};
		0471277B2240BBE5006F5589 /* LaunchScreen.storyboard */ = {
			isa = PBXVariantGroup;
			children = (
				0471277C2240BBE5006F5589 /* Base */,
			);
			name = LaunchScreen.storyboard;
			sourceTree = "<group>";
		};
/* End PBXVariantGroup section */

/* Begin XCBuildConfiguration section */
		0471277F2240BBE5006F5589 /* Debug */ = {
			isa = XCBuildConfiguration;
			buildSettings = {
				ALWAYS_SEARCH_USER_PATHS = NO;
				CLANG_ANALYZER_NONNULL = YES;
				CLANG_ANALYZER_NUMBER_OBJECT_CONVERSION = YES_AGGRESSIVE;
				CLANG_CXX_LANGUAGE_STANDARD = "gnu++14";
				CLANG_CXX_LIBRARY = "libc++";
				CLANG_ENABLE_MODULES = YES;
				CLANG_ENABLE_OBJC_ARC = YES;
				CLANG_ENABLE_OBJC_WEAK = YES;
				CLANG_WARN_BLOCK_CAPTURE_AUTORELEASING = YES;
				CLANG_WARN_BOOL_CONVERSION = YES;
				CLANG_WARN_COMMA = YES;
				CLANG_WARN_CONSTANT_CONVERSION = YES;
				CLANG_WARN_DEPRECATED_OBJC_IMPLEMENTATIONS = YES;
				CLANG_WARN_DIRECT_OBJC_ISA_USAGE = YES_ERROR;
				CLANG_WARN_DOCUMENTATION_COMMENTS = YES;
				CLANG_WARN_EMPTY_BODY = YES;
				CLANG_WARN_ENUM_CONVERSION = YES;
				CLANG_WARN_INFINITE_RECURSION = YES;
				CLANG_WARN_INT_CONVERSION = YES;
				CLANG_WARN_NON_LITERAL_NULL_CONVERSION = YES;
				CLANG_WARN_OBJC_IMPLICIT_RETAIN_SELF = YES;
				CLANG_WARN_OBJC_LITERAL_CONVERSION = YES;
				CLANG_WARN_OBJC_ROOT_CLASS = YES_ERROR;
				CLANG_WARN_RANGE_LOOP_ANALYSIS = YES;
				CLANG_WARN_STRICT_PROTOTYPES = YES;
				CLANG_WARN_SUSPICIOUS_MOVE = YES;
				CLANG_WARN_UNGUARDED_AVAILABILITY = YES_AGGRESSIVE;
				CLANG_WARN_UNREACHABLE_CODE = YES;
				CLANG_WARN__DUPLICATE_METHOD_MATCH = YES;
				CODE_SIGN_IDENTITY = "iPhone Developer";
				COPY_PHASE_STRIP = NO;
				DEBUG_INFORMATION_FORMAT = dwarf;
				ENABLE_STRICT_OBJC_MSGSEND = YES;
				ENABLE_TESTABILITY = YES;
				GCC_C_LANGUAGE_STANDARD = gnu11;
				GCC_DYNAMIC_NO_PIC = NO;
				GCC_NO_COMMON_BLOCKS = YES;
				GCC_OPTIMIZATION_LEVEL = 0;
				GCC_PREPROCESSOR_DEFINITIONS = (
					"DEBUG=1",
					"$(inherited)",
				);
				GCC_WARN_64_TO_32_BIT_CONVERSION = YES;
				GCC_WARN_ABOUT_RETURN_TYPE = YES_ERROR;
				GCC_WARN_UNDECLARED_SELECTOR = YES;
				GCC_WARN_UNINITIALIZED_AUTOS = YES_AGGRESSIVE;
				GCC_WARN_UNUSED_FUNCTION = YES;
				GCC_WARN_UNUSED_VARIABLE = YES;
				IPHONEOS_DEPLOYMENT_TARGET = 12.1;
				MTL_ENABLE_DEBUG_INFO = INCLUDE_SOURCE;
				MTL_FAST_MATH = YES;
				ONLY_ACTIVE_ARCH = YES;
				SDKROOT = iphoneos;
				SWIFT_ACTIVE_COMPILATION_CONDITIONS = DEBUG;
				SWIFT_OPTIMIZATION_LEVEL = "-Onone";
			};
			name = Debug;
		};
		047127802240BBE5006F5589 /* Release */ = {
			isa = XCBuildConfiguration;
			buildSettings = {
				ALWAYS_SEARCH_USER_PATHS = NO;
				CLANG_ANALYZER_NONNULL = YES;
				CLANG_ANALYZER_NUMBER_OBJECT_CONVERSION = YES_AGGRESSIVE;
				CLANG_CXX_LANGUAGE_STANDARD = "gnu++14";
				CLANG_CXX_LIBRARY = "libc++";
				CLANG_ENABLE_MODULES = YES;
				CLANG_ENABLE_OBJC_ARC = YES;
				CLANG_ENABLE_OBJC_WEAK = YES;
				CLANG_WARN_BLOCK_CAPTURE_AUTORELEASING = YES;
				CLANG_WARN_BOOL_CONVERSION = YES;
				CLANG_WARN_COMMA = YES;
				CLANG_WARN_CONSTANT_CONVERSION = YES;
				CLANG_WARN_DEPRECATED_OBJC_IMPLEMENTATIONS = YES;
				CLANG_WARN_DIRECT_OBJC_ISA_USAGE = YES_ERROR;
				CLANG_WARN_DOCUMENTATION_COMMENTS = YES;
				CLANG_WARN_EMPTY_BODY = YES;
				CLANG_WARN_ENUM_CONVERSION = YES;
				CLANG_WARN_INFINITE_RECURSION = YES;
				CLANG_WARN_INT_CONVERSION = YES;
				CLANG_WARN_NON_LITERAL_NULL_CONVERSION = YES;
				CLANG_WARN_OBJC_IMPLICIT_RETAIN_SELF = YES;
				CLANG_WARN_OBJC_LITERAL_CONVERSION = YES;
				CLANG_WARN_OBJC_ROOT_CLASS = YES_ERROR;
				CLANG_WARN_RANGE_LOOP_ANALYSIS = YES;
				CLANG_WARN_STRICT_PROTOTYPES = YES;
				CLANG_WARN_SUSPICIOUS_MOVE = YES;
				CLANG_WARN_UNGUARDED_AVAILABILITY = YES_AGGRESSIVE;
				CLANG_WARN_UNREACHABLE_CODE = YES;
				CLANG_WARN__DUPLICATE_METHOD_MATCH = YES;
				CODE_SIGN_IDENTITY = "iPhone Developer";
				COPY_PHASE_STRIP = NO;
				DEBUG_INFORMATION_FORMAT = "dwarf-with-dsym";
				ENABLE_NS_ASSERTIONS = NO;
				ENABLE_STRICT_OBJC_MSGSEND = YES;
				GCC_C_LANGUAGE_STANDARD = gnu11;
				GCC_NO_COMMON_BLOCKS = YES;
				GCC_WARN_64_TO_32_BIT_CONVERSION = YES;
				GCC_WARN_ABOUT_RETURN_TYPE = YES_ERROR;
				GCC_WARN_UNDECLARED_SELECTOR = YES;
				GCC_WARN_UNINITIALIZED_AUTOS = YES_AGGRESSIVE;
				GCC_WARN_UNUSED_FUNCTION = YES;
				GCC_WARN_UNUSED_VARIABLE = YES;
				IPHONEOS_DEPLOYMENT_TARGET = 12.1;
				MTL_ENABLE_DEBUG_INFO = NO;
				MTL_FAST_MATH = YES;
				SDKROOT = iphoneos;
				SWIFT_COMPILATION_MODE = wholemodule;
				SWIFT_OPTIMIZATION_LEVEL = "-O";
				VALIDATE_PRODUCT = YES;
			};
			name = Release;
		};
		047127822240BBE5006F5589 /* Debug */ = {
			isa = XCBuildConfiguration;
			buildSettings = {
				ASSETCATALOG_COMPILER_APPICON_NAME = AppIcon;
				CODE_SIGN_STYLE = Automatic;
				INFOPLIST_FILE = AssignmenMultithreading/Info.plist;
				LD_RUNPATH_SEARCH_PATHS = (
					"$(inherited)",
					"@executable_path/Frameworks",
				);
				PRODUCT_BUNDLE_IDENTIFIER = com.learn.login.AssignmenMultithreading;
				PRODUCT_NAME = "$(TARGET_NAME)";
				SWIFT_VERSION = 4.2;
				TARGETED_DEVICE_FAMILY = "1,2";
			};
			name = Debug;
		};
		047127832240BBE5006F5589 /* Release */ = {
			isa = XCBuildConfiguration;
			buildSettings = {
				ASSETCATALOG_COMPILER_APPICON_NAME = AppIcon;
				CODE_SIGN_STYLE = Automatic;
				INFOPLIST_FILE = AssignmenMultithreading/Info.plist;
				LD_RUNPATH_SEARCH_PATHS = (
					"$(inherited)",
					"@executable_path/Frameworks",
				);
				PRODUCT_BUNDLE_IDENTIFIER = com.learn.login.AssignmenMultithreading;
				PRODUCT_NAME = "$(TARGET_NAME)";
				SWIFT_VERSION = 4.2;
				TARGETED_DEVICE_FAMILY = "1,2";
			};
			name = Release;
		};
/* End XCBuildConfiguration section */

/* Begin XCConfigurationList section */
		047127672240BBE3006F5589 /* Build configuration list for PBXProject "AssignmenMultithreading" */ = {
			isa = XCConfigurationList;
			buildConfigurations = (
				0471277F2240BBE5006F5589 /* Debug */,
				047127802240BBE5006F5589 /* Release */,
			);
			defaultConfigurationIsVisible = 0;
			defaultConfigurationName = Release;
		};
		047127812240BBE5006F5589 /* Build configuration list for PBXNativeTarget "AssignmenMultithreading" */ = {
			isa = XCConfigurationList;
			buildConfigurations = (
				047127822240BBE5006F5589 /* Debug */,
				047127832240BBE5006F5589 /* Release */,
			);
			defaultConfigurationIsVisible = 0;
			defaultConfigurationName = Release;
		};
/* End XCConfigurationList section */

/* Begin XCVersionGroup section */
		047127762240BBE3006F5589 /* AssignmenMultithreading.xcdatamodeld */ = {
			isa = XCVersionGroup;
			children = (
				047127772240BBE3006F5589 /* AssignmenMultithreading.xcdatamodel */,
			);
			currentVersion = 047127772240BBE3006F5589 /* AssignmenMultithreading.xcdatamodel */;
			path = AssignmenMultithreading.xcdatamodeld;
			sourceTree = "<group>";
			versionGroupType = wrapper.xcdatamodel;
		};
/* End XCVersionGroup section */
	};
	rootObject = 047127642240BBE3006F5589 /* Project object */;
}
