// !$*UTF8*$!
{
	archiveVersion = 1;
	classes = {
	};
	objectVersion = 50;
	objects = {

/* Begin PBXBuildFile section */
		04A55CD8225DEF76006DEE80 /* AppDelegate.swift in Sources */ = {isa = PBXBuildFile; fileRef = 04A55CD7225DEF76006DEE80 /* AppDelegate.swift */; };
		04A55CDA225DEF76006DEE80 /* ViewController.swift in Sources */ = {isa = PBXBuildFile; fileRef = 04A55CD9225DEF76006DEE80 /* ViewController.swift */; };
		04A55CDD225DEF76006DEE80 /* Main.storyboard in Resources */ = {isa = PBXBuildFile; fileRef = 04A55CDB225DEF76006DEE80 /* Main.storyboard */; };
		04A55CE0225DEF76006DEE80 /* Assignment_25_Mapkit.xcdatamodeld in Sources */ = {isa = PBXBuildFile; fileRef = 04A55CDE225DEF76006DEE80 /* Assignment_25_Mapkit.xcdatamodeld */; };
		04A55CE2225DEF76006DEE80 /* Assets.xcassets in Resources */ = {isa = PBXBuildFile; fileRef = 04A55CE1225DEF76006DEE80 /* Assets.xcassets */; };
		04A55CE5225DEF76006DEE80 /* LaunchScreen.storyboard in Resources */ = {isa = PBXBuildFile; fileRef = 04A55CE3225DEF76006DEE80 /* LaunchScreen.storyboard */; };
		04A55CED225E7A16006DEE80 /* ImageVC.swift in Sources */ = {isa = PBXBuildFile; fileRef = 04A55CEC225E7A16006DEE80 /* ImageVC.swift */; };
/* End PBXBuildFile section */

/* Begin PBXFileReference section */
		04A55CD4225DEF76006DEE80 /* Assignment 25 Mapkit.app */ = {isa = PBXFileReference; explicitFileType = wrapper.application; includeInIndex = 0; path = "Assignment 25 Mapkit.app"; sourceTree = BUILT_PRODUCTS_DIR; };
		04A55CD7225DEF76006DEE80 /* AppDelegate.swift */ = {isa = PBXFileReference; lastKnownFileType = sourcecode.swift; path = AppDelegate.swift; sourceTree = "<group>"; };
		04A55CD9225DEF76006DEE80 /* ViewController.swift */ = {isa = PBXFileReference; lastKnownFileType = sourcecode.swift; path = ViewController.swift; sourceTree = "<group>"; };
		04A55CDC225DEF76006DEE80 /* Base */ = {isa = PBXFileReference; lastKnownFileType = file.storyboard; name = Base; path = Base.lproj/Main.storyboard; sourceTree = "<group>"; };
		04A55CDF225DEF76006DEE80 /* Assignment_25_Mapkit.xcdatamodel */ = {isa = PBXFileReference; lastKnownFileType = wrapper.xcdatamodel; path = Assignment_25_Mapkit.xcdatamodel; sourceTree = "<group>"; };
		04A55CE1225DEF76006DEE80 /* Assets.xcassets */ = {isa = PBXFileReference; lastKnownFileType = folder.assetcatalog; path = Assets.xcassets; sourceTree = "<group>"; };
		04A55CE4225DEF76006DEE80 /* Base */ = {isa = PBXFileReference; lastKnownFileType = file.storyboard; name = Base; path = Base.lproj/LaunchScreen.storyboard; sourceTree = "<group>"; };
		04A55CE6225DEF77006DEE80 /* Info.plist */ = {isa = PBXFileReference; lastKnownFileType = text.plist.xml; path = Info.plist; sourceTree = "<group>"; };
		04A55CEC225E7A16006DEE80 /* ImageVC.swift */ = {isa = PBXFileReference; lastKnownFileType = sourcecode.swift; path = ImageVC.swift; sourceTree = "<group>"; };
/* End PBXFileReference section */

/* Begin PBXFrameworksBuildPhase section */
		04A55CD1225DEF76006DEE80 /* Frameworks */ = {
			isa = PBXFrameworksBuildPhase;
			buildActionMask = 2147483647;
			files = (
			);
			runOnlyForDeploymentPostprocessing = 0;
		};
/* End PBXFrameworksBuildPhase section */

/* Begin PBXGroup section */
		04A55CCB225DEF76006DEE80 = {
			isa = PBXGroup;
			children = (
				04A55CD6225DEF76006DEE80 /* Assignment 25 Mapkit */,
				04A55CD5225DEF76006DEE80 /* Products */,
			);
			sourceTree = "<group>";
		};
		04A55CD5225DEF76006DEE80 /* Products */ = {
			isa = PBXGroup;
			children = (
				04A55CD4225DEF76006DEE80 /* Assignment 25 Mapkit.app */,
			);
			name = Products;
			sourceTree = "<group>";
		};
		04A55CD6225DEF76006DEE80 /* Assignment 25 Mapkit */ = {
			isa = PBXGroup;
			children = (
				04A55CD7225DEF76006DEE80 /* AppDelegate.swift */,
				04A55CD9225DEF76006DEE80 /* ViewController.swift */,
				04A55CDB225DEF76006DEE80 /* Main.storyboard */,
				04A55CEC225E7A16006DEE80 /* ImageVC.swift */,
				04A55CE1225DEF76006DEE80 /* Assets.xcassets */,
				04A55CE3225DEF76006DEE80 /* LaunchScreen.storyboard */,
				04A55CE6225DEF77006DEE80 /* Info.plist */,
				04A55CDE225DEF76006DEE80 /* Assignment_25_Mapkit.xcdatamodeld */,
			);
			path = "Assignment 25 Mapkit";
			sourceTree = "<group>";
		};
/* End PBXGroup section */

/* Begin PBXNativeTarget section */
		04A55CD3225DEF76006DEE80 /* Assignment 25 Mapkit */ = {
			isa = PBXNativeTarget;
			buildConfigurationList = 04A55CE9225DEF77006DEE80 /* Build configuration list for PBXNativeTarget "Assignment 25 Mapkit" */;
			buildPhases = (
				04A55CD0225DEF76006DEE80 /* Sources */,
				04A55CD1225DEF76006DEE80 /* Frameworks */,
				04A55CD2225DEF76006DEE80 /* Resources */,
			);
			buildRules = (
			);
			dependencies = (
			);
			name = "Assignment 25 Mapkit";
			productName = "Assignment 25 Mapkit";
			productReference = 04A55CD4225DEF76006DEE80 /* Assignment 25 Mapkit.app */;
			productType = "com.apple.product-type.application";
		};
/* End PBXNativeTarget section */

/* Begin PBXProject section */
		04A55CCC225DEF76006DEE80 /* Project object */ = {
			isa = PBXProject;
			attributes = {
				LastSwiftUpdateCheck = 1010;
				LastUpgradeCheck = 1010;
				ORGANIZATIONNAME = TTN;
				TargetAttributes = {
					04A55CD3225DEF76006DEE80 = {
						CreatedOnToolsVersion = 10.1;
					};
				};
			};
			buildConfigurationList = 04A55CCF225DEF76006DEE80 /* Build configuration list for PBXProject "Assignment 25 Mapkit" */;
			compatibilityVersion = "Xcode 9.3";
			developmentRegion = en;
			hasScannedForEncodings = 0;
			knownRegions = (
				en,
				Base,
			);
			mainGroup = 04A55CCB225DEF76006DEE80;
			productRefGroup = 04A55CD5225DEF76006DEE80 /* Products */;
			projectDirPath = "";
			projectRoot = "";
			targets = (
				04A55CD3225DEF76006DEE80 /* Assignment 25 Mapkit */,
			);
		};
/* End PBXProject section */

/* Begin PBXResourcesBuildPhase section */
		04A55CD2225DEF76006DEE80 /* Resources */ = {
			isa = PBXResourcesBuildPhase;
			buildActionMask = 2147483647;
			files = (
				04A55CE5225DEF76006DEE80 /* LaunchScreen.storyboard in Resources */,
				04A55CE2225DEF76006DEE80 /* Assets.xcassets in Resources */,
				04A55CDD225DEF76006DEE80 /* Main.storyboard in Resources */,
			);
			runOnlyForDeploymentPostprocessing = 0;
		};
/* End PBXResourcesBuildPhase section */

/* Begin PBXSourcesBuildPhase section */
		04A55CD0225DEF76006DEE80 /* Sources */ = {
			isa = PBXSourcesBuildPhase;
			buildActionMask = 2147483647;
			files = (
				04A55CED225E7A16006DEE80 /* ImageVC.swift in Sources */,
				04A55CDA225DEF76006DEE80 /* ViewController.swift in Sources */,
				04A55CE0225DEF76006DEE80 /* Assignment_25_Mapkit.xcdatamodeld in Sources */,
				04A55CD8225DEF76006DEE80 /* AppDelegate.swift in Sources */,
			);
			runOnlyForDeploymentPostprocessing = 0;
		};
/* End PBXSourcesBuildPhase section */

/* Begin PBXVariantGroup section */
		04A55CDB225DEF76006DEE80 /* Main.storyboard */ = {
			isa = PBXVariantGroup;
			children = (
				04A55CDC225DEF76006DEE80 /* Base */,
			);
			name = Main.storyboard;
			sourceTree = "<group>";
		};
		04A55CE3225DEF76006DEE80 /* LaunchScreen.storyboard */ = {
			isa = PBXVariantGroup;
			children = (
				04A55CE4225DEF76006DEE80 /* Base */,
			);
			name = LaunchScreen.storyboard;
			sourceTree = "<group>";
		};
/* End PBXVariantGroup section */

/* Begin XCBuildConfiguration section */
		04A55CE7225DEF77006DEE80 /* Debug */ = {
			isa = XCBuildConfiguration;
			buildSettings = {
				ALWAYS_SEARCH_USER_PATHS = NO;
				CLANG_ANALYZER_NONNULL = YES;
				CLANG_ANALYZER_NUMBER_OBJECT_CONVERSION = YES_AGGRESSIVE;
				CLANG_CXX_LANGUAGE_STANDARD = "gnu++14";
				CLANG_CXX_LIBRARY = "libc++";
				CLANG_ENABLE_MODULES = YES;
				CLANG_ENABLE_OBJC_ARC = YES;
				CLANG_ENABLE_OBJC_WEAK = YES;
				CLANG_WARN_BLOCK_CAPTURE_AUTORELEASING = YES;
				CLANG_WARN_BOOL_CONVERSION = YES;
				CLANG_WARN_COMMA = YES;
				CLANG_WARN_CONSTANT_CONVERSION = YES;
				CLANG_WARN_DEPRECATED_OBJC_IMPLEMENTATIONS = YES;
				CLANG_WARN_DIRECT_OBJC_ISA_USAGE = YES_ERROR;
				CLANG_WARN_DOCUMENTATION_COMMENTS = YES;
				CLANG_WARN_EMPTY_BODY = YES;
				CLANG_WARN_ENUM_CONVERSION = YES;
				CLANG_WARN_INFINITE_RECURSION = YES;
				CLANG_WARN_INT_CONVERSION = YES;
				CLANG_WARN_NON_LITERAL_NULL_CONVERSION = YES;
				CLANG_WARN_OBJC_IMPLICIT_RETAIN_SELF = YES;
				CLANG_WARN_OBJC_LITERAL_CONVERSION = YES;
				CLANG_WARN_OBJC_ROOT_CLASS = YES_ERROR;
				CLANG_WARN_RANGE_LOOP_ANALYSIS = YES;
				CLANG_WARN_STRICT_PROTOTYPES = YES;
				CLANG_WARN_SUSPICIOUS_MOVE = YES;
				CLANG_WARN_UNGUARDED_AVAILABILITY = YES_AGGRESSIVE;
				CLANG_WARN_UNREACHABLE_CODE = YES;
				CLANG_WARN__DUPLICATE_METHOD_MATCH = YES;
				CODE_SIGN_IDENTITY = "iPhone Developer";
				COPY_PHASE_STRIP = NO;
				DEBUG_INFORMATION_FORMAT = dwarf;
				ENABLE_STRICT_OBJC_MSGSEND = YES;
				ENABLE_TESTABILITY = YES;
				GCC_C_LANGUAGE_STANDARD = gnu11;
				GCC_DYNAMIC_NO_PIC = NO;
				GCC_NO_COMMON_BLOCKS = YES;
				GCC_OPTIMIZATION_LEVEL = 0;
				GCC_PREPROCESSOR_DEFINITIONS = (
					"DEBUG=1",
					"$(inherited)",
				);
				GCC_WARN_64_TO_32_BIT_CONVERSION = YES;
				GCC_WARN_ABOUT_RETURN_TYPE = YES_ERROR;
				GCC_WARN_UNDECLARED_SELECTOR = YES;
				GCC_WARN_UNINITIALIZED_AUTOS = YES_AGGRESSIVE;
				GCC_WARN_UNUSED_FUNCTION = YES;
				GCC_WARN_UNUSED_VARIABLE = YES;
				IPHONEOS_DEPLOYMENT_TARGET = 12.1;
				MTL_ENABLE_DEBUG_INFO = INCLUDE_SOURCE;
				MTL_FAST_MATH = YES;
				ONLY_ACTIVE_ARCH = YES;
				SDKROOT = iphoneos;
				SWIFT_ACTIVE_COMPILATION_CONDITIONS = DEBUG;
				SWIFT_OPTIMIZATION_LEVEL = "-Onone";
			};
			name = Debug;
		};
		04A55CE8225DEF77006DEE80 /* Release */ = {
			isa = XCBuildConfiguration;
			buildSettings = {
				ALWAYS_SEARCH_USER_PATHS = NO;
				CLANG_ANALYZER_NONNULL = YES;
				CLANG_ANALYZER_NUMBER_OBJECT_CONVERSION = YES_AGGRESSIVE;
				CLANG_CXX_LANGUAGE_STANDARD = "gnu++14";
				CLANG_CXX_LIBRARY = "libc++";
				CLANG_ENABLE_MODULES = YES;
				CLANG_ENABLE_OBJC_ARC = YES;
				CLANG_ENABLE_OBJC_WEAK = YES;
				CLANG_WARN_BLOCK_CAPTURE_AUTORELEASING = YES;
				CLANG_WARN_BOOL_CONVERSION = YES;
				CLANG_WARN_COMMA = YES;
				CLANG_WARN_CONSTANT_CONVERSION = YES;
				CLANG_WARN_DEPRECATED_OBJC_IMPLEMENTATIONS = YES;
				CLANG_WARN_DIRECT_OBJC_ISA_USAGE = YES_ERROR;
				CLANG_WARN_DOCUMENTATION_COMMENTS = YES;
				CLANG_WARN_EMPTY_BODY = YES;
				CLANG_WARN_ENUM_CONVERSION = YES;
				CLANG_WARN_INFINITE_RECURSION = YES;
				CLANG_WARN_INT_CONVERSION = YES;
				CLANG_WARN_NON_LITERAL_NULL_CONVERSION = YES;
				CLANG_WARN_OBJC_IMPLICIT_RETAIN_SELF = YES;
				CLANG_WARN_OBJC_LITERAL_CONVERSION = YES;
				CLANG_WARN_OBJC_ROOT_CLASS = YES_ERROR;
				CLANG_WARN_RANGE_LOOP_ANALYSIS = YES;
				CLANG_WARN_STRICT_PROTOTYPES = YES;
				CLANG_WARN_SUSPICIOUS_MOVE = YES;
				CLANG_WARN_UNGUARDED_AVAILABILITY = YES_AGGRESSIVE;
				CLANG_WARN_UNREACHABLE_CODE = YES;
				CLANG_WARN__DUPLICATE_METHOD_MATCH = YES;
				CODE_SIGN_IDENTITY = "iPhone Developer";
				COPY_PHASE_STRIP = NO;
				DEBUG_INFORMATION_FORMAT = "dwarf-with-dsym";
				ENABLE_NS_ASSERTIONS = NO;
				ENABLE_STRICT_OBJC_MSGSEND = YES;
				GCC_C_LANGUAGE_STANDARD = gnu11;
				GCC_NO_COMMON_BLOCKS = YES;
				GCC_WARN_64_TO_32_BIT_CONVERSION = YES;
				GCC_WARN_ABOUT_RETURN_TYPE = YES_ERROR;
				GCC_WARN_UNDECLARED_SELECTOR = YES;
				GCC_WARN_UNINITIALIZED_AUTOS = YES_AGGRESSIVE;
				GCC_WARN_UNUSED_FUNCTION = YES;
				GCC_WARN_UNUSED_VARIABLE = YES;
				IPHONEOS_DEPLOYMENT_TARGET = 12.1;
				MTL_ENABLE_DEBUG_INFO = NO;
				MTL_FAST_MATH = YES;
				SDKROOT = iphoneos;
				SWIFT_COMPILATION_MODE = wholemodule;
				SWIFT_OPTIMIZATION_LEVEL = "-O";
				VALIDATE_PRODUCT = YES;
			};
			name = Release;
		};
		04A55CEA225DEF77006DEE80 /* Debug */ = {
			isa = XCBuildConfiguration;
			buildSettings = {
				ASSETCATALOG_COMPILER_APPICON_NAME = AppIcon;
				CODE_SIGN_STYLE = Automatic;
				INFOPLIST_FILE = "Assignment 25 Mapkit/Info.plist";
				LD_RUNPATH_SEARCH_PATHS = (
					"$(inherited)",
					"@executable_path/Frameworks",
				);
				PRODUCT_BUNDLE_IDENTIFIER = "com.learn.login.Assignment-25-Mapkit";
				PRODUCT_NAME = "$(TARGET_NAME)";
				SWIFT_VERSION = 4.2;
				TARGETED_DEVICE_FAMILY = "1,2";
			};
			name = Debug;
		};
		04A55CEB225DEF77006DEE80 /* Release */ = {
			isa = XCBuildConfiguration;
			buildSettings = {
				ASSETCATALOG_COMPILER_APPICON_NAME = AppIcon;
				CODE_SIGN_STYLE = Automatic;
				INFOPLIST_FILE = "Assignment 25 Mapkit/Info.plist";
				LD_RUNPATH_SEARCH_PATHS = (
					"$(inherited)",
					"@executable_path/Frameworks",
				);
				PRODUCT_BUNDLE_IDENTIFIER = "com.learn.login.Assignment-25-Mapkit";
				PRODUCT_NAME = "$(TARGET_NAME)";
				SWIFT_VERSION = 4.2;
				TARGETED_DEVICE_FAMILY = "1,2";
			};
			name = Release;
		};
/* End XCBuildConfiguration section */

/* Begin XCConfigurationList section */
		04A55CCF225DEF76006DEE80 /* Build configuration list for PBXProject "Assignment 25 Mapkit" */ = {
			isa = XCConfigurationList;
			buildConfigurations = (
				04A55CE7225DEF77006DEE80 /* Debug */,
				04A55CE8225DEF77006DEE80 /* Release */,
			);
			defaultConfigurationIsVisible = 0;
			defaultConfigurationName = Release;
		};
		04A55CE9225DEF77006DEE80 /* Build configuration list for PBXNativeTarget "Assignment 25 Mapkit" */ = {
			isa = XCConfigurationList;
			buildConfigurations = (
				04A55CEA225DEF77006DEE80 /* Debug */,
				04A55CEB225DEF77006DEE80 /* Release */,
			);
			defaultConfigurationIsVisible = 0;
			defaultConfigurationName = Release;
		};
/* End XCConfigurationList section */

/* Begin XCVersionGroup section */
		04A55CDE225DEF76006DEE80 /* Assignment_25_Mapkit.xcdatamodeld */ = {
			isa = XCVersionGroup;
			children = (
				04A55CDF225DEF76006DEE80 /* Assignment_25_Mapkit.xcdatamodel */,
			);
			currentVersion = 04A55CDF225DEF76006DEE80 /* Assignment_25_Mapkit.xcdatamodel */;
			path = Assignment_25_Mapkit.xcdatamodeld;
			sourceTree = "<group>";
			versionGroupType = wrapper.xcdatamodel;
		};
/* End XCVersionGroup section */
	};
	rootObject = 04A55CCC225DEF76006DEE80 /* Project object */;
}
